// !$*UTF8*$!
{
	archiveVersion = 1;
	classes = {
	};
	objectVersion = 46;
	objects = {

/* Begin PBXBuildFile section */
		A01532EA1D39043F005FBF69 /* SetAOPasscodeView.swift in Sources */ = {isa = PBXBuildFile; fileRef = A01532E91D39043F005FBF69 /* SetAOPasscodeView.swift */; };
		A01532EC1D39060F005FBF69 /* SetAOPasscodeView.xib in Resources */ = {isa = PBXBuildFile; fileRef = A01532EB1D39060F005FBF69 /* SetAOPasscodeView.xib */; };
		A0AB7B771D36A0C700E19B4F /* AppDelegate.swift in Sources */ = {isa = PBXBuildFile; fileRef = A0AB7B761D36A0C700E19B4F /* AppDelegate.swift */; };
		A0AB7B791D36A0C700E19B4F /* ViewController.swift in Sources */ = {isa = PBXBuildFile; fileRef = A0AB7B781D36A0C700E19B4F /* ViewController.swift */; };
		A0AB7B7C1D36A0C700E19B4F /* Main.storyboard in Resources */ = {isa = PBXBuildFile; fileRef = A0AB7B7A1D36A0C700E19B4F /* Main.storyboard */; };
		A0AB7B7E1D36A0C700E19B4F /* Assets.xcassets in Resources */ = {isa = PBXBuildFile; fileRef = A0AB7B7D1D36A0C700E19B4F /* Assets.xcassets */; };
		A0AB7B811D36A0C700E19B4F /* LaunchScreen.storyboard in Resources */ = {isa = PBXBuildFile; fileRef = A0AB7B7F1D36A0C700E19B4F /* LaunchScreen.storyboard */; };
		A0AB7B891D36A0EF00E19B4F /* AOPasscode.swift in Sources */ = {isa = PBXBuildFile; fileRef = A0AB7B881D36A0EF00E19B4F /* AOPasscode.swift */; };
		A0AB7B8B1D36A10F00E19B4F /* AOPasscodeView.xib in Resources */ = {isa = PBXBuildFile; fileRef = A0AB7B8A1D36A10F00E19B4F /* AOPasscodeView.xib */; };
/* End PBXBuildFile section */

/* Begin PBXFileReference section */
		A01532E91D39043F005FBF69 /* SetAOPasscodeView.swift */ = {isa = PBXFileReference; fileEncoding = 4; lastKnownFileType = sourcecode.swift; path = SetAOPasscodeView.swift; sourceTree = "<group>"; };
		A01532EB1D39060F005FBF69 /* SetAOPasscodeView.xib */ = {isa = PBXFileReference; fileEncoding = 4; lastKnownFileType = file.xib; path = SetAOPasscodeView.xib; sourceTree = "<group>"; };
		A0AB7B731D36A0C600E19B4F /* AOPasscode.app */ = {isa = PBXFileReference; explicitFileType = wrapper.application; includeInIndex = 0; path = AOPasscode.app; sourceTree = BUILT_PRODUCTS_DIR; };
		A0AB7B761D36A0C700E19B4F /* AppDelegate.swift */ = {isa = PBXFileReference; lastKnownFileType = sourcecode.swift; path = AppDelegate.swift; sourceTree = "<group>"; };
		A0AB7B781D36A0C700E19B4F /* ViewController.swift */ = {isa = PBXFileReference; lastKnownFileType = sourcecode.swift; path = ViewController.swift; sourceTree = "<group>"; };
		A0AB7B7B1D36A0C700E19B4F /* Base */ = {isa = PBXFileReference; lastKnownFileType = file.storyboard; name = Base; path = Base.lproj/Main.storyboard; sourceTree = "<group>"; };
		A0AB7B7D1D36A0C700E19B4F /* Assets.xcassets */ = {isa = PBXFileReference; lastKnownFileType = folder.assetcatalog; path = Assets.xcassets; sourceTree = "<group>"; };
		A0AB7B801D36A0C700E19B4F /* Base */ = {isa = PBXFileReference; lastKnownFileType = file.storyboard; name = Base; path = Base.lproj/LaunchScreen.storyboard; sourceTree = "<group>"; };
		A0AB7B821D36A0C700E19B4F /* Info.plist */ = {isa = PBXFileReference; lastKnownFileType = text.plist.xml; path = Info.plist; sourceTree = "<group>"; };
		A0AB7B881D36A0EF00E19B4F /* AOPasscode.swift */ = {isa = PBXFileReference; fileEncoding = 4; lastKnownFileType = sourcecode.swift; path = AOPasscode.swift; sourceTree = "<group>"; };
		A0AB7B8A1D36A10F00E19B4F /* AOPasscodeView.xib */ = {isa = PBXFileReference; fileEncoding = 4; lastKnownFileType = file.xib; path = AOPasscodeView.xib; sourceTree = "<group>"; };
/* End PBXFileReference section */

/* Begin PBXFrameworksBuildPhase section */
		A0AB7B701D36A0C600E19B4F /* Frameworks */ = {
			isa = PBXFrameworksBuildPhase;
			buildActionMask = 2147483647;
			files = (
			);
			runOnlyForDeploymentPostprocessing = 0;
		};
/* End PBXFrameworksBuildPhase section */

/* Begin PBXGroup section */
		A0AB7B6A1D36A0C600E19B4F = {
			isa = PBXGroup;
			children = (
				A0AB7B751D36A0C700E19B4F /* AOPasscode */,
				A0AB7B741D36A0C600E19B4F /* Products */,
			);
			sourceTree = "<group>";
		};
		A0AB7B741D36A0C600E19B4F /* Products */ = {
			isa = PBXGroup;
			children = (
				A0AB7B731D36A0C600E19B4F /* AOPasscode.app */,
			);
			name = Products;
			sourceTree = "<group>";
		};
		A0AB7B751D36A0C700E19B4F /* AOPasscode */ = {
			isa = PBXGroup;
			children = (
				A0AB7B761D36A0C700E19B4F /* AppDelegate.swift */,
				A0AB7B781D36A0C700E19B4F /* ViewController.swift */,
				A0AB7B881D36A0EF00E19B4F /* AOPasscode.swift */,
				A01532E91D39043F005FBF69 /* SetAOPasscodeView.swift */,
				A0AB7B7A1D36A0C700E19B4F /* Main.storyboard */,
				A0AB7B8A1D36A10F00E19B4F /* AOPasscodeView.xib */,
				A01532EB1D39060F005FBF69 /* SetAOPasscodeView.xib */,
				A0AB7B7D1D36A0C700E19B4F /* Assets.xcassets */,
				A0AB7B7F1D36A0C700E19B4F /* LaunchScreen.storyboard */,
				A0AB7B821D36A0C700E19B4F /* Info.plist */,
			);
			path = AOPasscode;
			sourceTree = "<group>";
		};
/* End PBXGroup section */

/* Begin PBXNativeTarget section */
		A0AB7B721D36A0C600E19B4F /* AOPasscode */ = {
			isa = PBXNativeTarget;
			buildConfigurationList = A0AB7B851D36A0C700E19B4F /* Build configuration list for PBXNativeTarget "AOPasscode" */;
			buildPhases = (
				A0AB7B6F1D36A0C600E19B4F /* Sources */,
				A0AB7B701D36A0C600E19B4F /* Frameworks */,
				A0AB7B711D36A0C600E19B4F /* Resources */,
			);
			buildRules = (
			);
			dependencies = (
			);
			name = AOPasscode;
			productName = AOPasscode;
			productReference = A0AB7B731D36A0C600E19B4F /* AOPasscode.app */;
			productType = "com.apple.product-type.application";
		};
/* End PBXNativeTarget section */

/* Begin PBXProject section */
		A0AB7B6B1D36A0C600E19B4F /* Project object */ = {
			isa = PBXProject;
			attributes = {
				LastSwiftUpdateCheck = 0730;
				LastUpgradeCheck = 0730;
				ORGANIZATIONNAME = ViralIdeasLtd;
				TargetAttributes = {
					A0AB7B721D36A0C600E19B4F = {
						CreatedOnToolsVersion = 7.3.1;
					};
				};
			};
			buildConfigurationList = A0AB7B6E1D36A0C600E19B4F /* Build configuration list for PBXProject "AOPasscode" */;
			compatibilityVersion = "Xcode 3.2";
			developmentRegion = English;
			hasScannedForEncodings = 0;
			knownRegions = (
				en,
				Base,
			);
			mainGroup = A0AB7B6A1D36A0C600E19B4F;
			productRefGroup = A0AB7B741D36A0C600E19B4F /* Products */;
			projectDirPath = "";
			projectRoot = "";
			targets = (
				A0AB7B721D36A0C600E19B4F /* AOPasscode */,
			);
		};
/* End PBXProject section */

/* Begin PBXResourcesBuildPhase section */
		A0AB7B711D36A0C600E19B4F /* Resources */ = {
			isa = PBXResourcesBuildPhase;
			buildActionMask = 2147483647;
			files = (
				A0AB7B8B1D36A10F00E19B4F /* AOPasscodeView.xib in Resources */,
				A0AB7B811D36A0C700E19B4F /* LaunchScreen.storyboard in Resources */,
				A0AB7B7E1D36A0C700E19B4F /* Assets.xcassets in Resources */,
				A0AB7B7C1D36A0C700E19B4F /* Main.storyboard in Resources */,
				A01532EC1D39060F005FBF69 /* SetAOPasscodeView.xib in Resources */,
			);
			runOnlyForDeploymentPostprocessing = 0;
		};
/* End PBXResourcesBuildPhase section */

/* Begin PBXSourcesBuildPhase section */
		A0AB7B6F1D36A0C600E19B4F /* Sources */ = {
			isa = PBXSourcesBuildPhase;
			buildActionMask = 2147483647;
			files = (
				A0AB7B791D36A0C700E19B4F /* ViewController.swift in Sources */,
				A01532EA1D39043F005FBF69 /* SetAOPasscodeView.swift in Sources */,
				A0AB7B891D36A0EF00E19B4F /* AOPasscode.swift in Sources */,
				A0AB7B771D36A0C700E19B4F /* AppDelegate.swift in Sources */,
			);
			runOnlyForDeploymentPostprocessing = 0;
		};
/* End PBXSourcesBuildPhase section */

/* Begin PBXVariantGroup section */
		A0AB7B7A1D36A0C700E19B4F /* Main.storyboard */ = {
			isa = PBXVariantGroup;
			children = (
				A0AB7B7B1D36A0C700E19B4F /* Base */,
			);
			name = Main.storyboard;
			sourceTree = "<group>";
		};
		A0AB7B7F1D36A0C700E19B4F /* LaunchScreen.storyboard */ = {
			isa = PBXVariantGroup;
			children = (
				A0AB7B801D36A0C700E19B4F /* Base */,
			);
			name = LaunchScreen.storyboard;
			sourceTree = "<group>";
		};
/* End PBXVariantGroup section */

/* Begin XCBuildConfiguration section */
		A0AB7B831D36A0C700E19B4F /* Debug */ = {
			isa = XCBuildConfiguration;
			buildSettings = {
				ALWAYS_SEARCH_USER_PATHS = NO;
				CLANG_ANALYZER_NONNULL = YES;
				CLANG_CXX_LANGUAGE_STANDARD = "gnu++0x";
				CLANG_CXX_LIBRARY = "libc++";
				CLANG_ENABLE_MODULES = YES;
				CLANG_ENABLE_OBJC_ARC = YES;
				CLANG_WARN_BOOL_CONVERSION = YES;
				CLANG_WARN_CONSTANT_CONVERSION = YES;
				CLANG_WARN_DIRECT_OBJC_ISA_USAGE = YES_ERROR;
				CLANG_WARN_EMPTY_BODY = YES;
				CLANG_WARN_ENUM_CONVERSION = YES;
				CLANG_WARN_INT_CONVERSION = YES;
				CLANG_WARN_OBJC_ROOT_CLASS = YES_ERROR;
				CLANG_WARN_UNREACHABLE_CODE = YES;
				CLANG_WARN__DUPLICATE_METHOD_MATCH = YES;
				"CODE_SIGN_IDENTITY[sdk=iphoneos*]" = "iPhone Developer";
				COPY_PHASE_STRIP = NO;
				DEBUG_INFORMATION_FORMAT = dwarf;
				ENABLE_STRICT_OBJC_MSGSEND = YES;
				ENABLE_TESTABILITY = YES;
				GCC_C_LANGUAGE_STANDARD = gnu99;
				GCC_DYNAMIC_NO_PIC = NO;
				GCC_NO_COMMON_BLOCKS = YES;
				GCC_OPTIMIZATION_LEVEL = 0;
				GCC_PREPROCESSOR_DEFINITIONS = (
					"DEBUG=1",
					"$(inherited)",
				);
				GCC_WARN_64_TO_32_BIT_CONVERSION = YES;
				GCC_WARN_ABOUT_RETURN_TYPE = YES_ERROR;
				GCC_WARN_UNDECLARED_SELECTOR = YES;
				GCC_WARN_UNINITIALIZED_AUTOS = YES_AGGRESSIVE;
				GCC_WARN_UNUSED_FUNCTION = YES;
				GCC_WARN_UNUSED_VARIABLE = YES;
				IPHONEOS_DEPLOYMENT_TARGET = 9.3;
				MTL_ENABLE_DEBUG_INFO = YES;
				ONLY_ACTIVE_ARCH = YES;
				SDKROOT = iphoneos;
				SWIFT_OPTIMIZATION_LEVEL = "-Onone";
			};
			name = Debug;
		};
		A0AB7B841D36A0C700E19B4F /* Release */ = {
			isa = XCBuildConfiguration;
			buildSettings = {
				ALWAYS_SEARCH_USER_PATHS = NO;
				CLANG_ANALYZER_NONNULL = YES;
				CLANG_CXX_LANGUAGE_STANDARD = "gnu++0x";
				CLANG_CXX_LIBRARY = "libc++";
				CLANG_ENABLE_MODULES = YES;
				CLANG_ENABLE_OBJC_ARC = YES;
				CLANG_WARN_BOOL_CONVERSION = YES;
				CLANG_WARN_CONSTANT_CONVERSION = YES;
				CLANG_WARN_DIRECT_OBJC_ISA_USAGE = YES_ERROR;
				CLANG_WARN_EMPTY_BODY = YES;
				CLANG_WARN_ENUM_CONVERSION = YES;
				CLANG_WARN_INT_CONVERSION = YES;
				CLANG_WARN_OBJC_ROOT_CLASS = YES_ERROR;
				CLANG_WARN_UNREACHABLE_CODE = YES;
				CLANG_WARN__DUPLICATE_METHOD_MATCH = YES;
				"CODE_SIGN_IDENTITY[sdk=iphoneos*]" = "iPhone Developer";
				COPY_PHASE_STRIP = NO;
				DEBUG_INFORMATION_FORMAT = "dwarf-with-dsym";
				ENABLE_NS_ASSERTIONS = NO;
				ENABLE_STRICT_OBJC_MSGSEND = YES;
				GCC_C_LANGUAGE_STANDARD = gnu99;
				GCC_NO_COMMON_BLOCKS = YES;
				GCC_WARN_64_TO_32_BIT_CONVERSION = YES;
				GCC_WARN_ABOUT_RETURN_TYPE = YES_ERROR;
				GCC_WARN_UNDECLARED_SELECTOR = YES;
				GCC_WARN_UNINITIALIZED_AUTOS = YES_AGGRESSIVE;
				GCC_WARN_UNUSED_FUNCTION = YES;
				GCC_WARN_UNUSED_VARIABLE = YES;
				IPHONEOS_DEPLOYMENT_TARGET = 9.3;
				MTL_ENABLE_DEBUG_INFO = NO;
				SDKROOT = iphoneos;
				VALIDATE_PRODUCT = YES;
			};
			name = Release;
		};
		A0AB7B861D36A0C700E19B4F /* Debug */ = {
			isa = XCBuildConfiguration;
			buildSettings = {
				ASSETCATALOG_COMPILER_APPICON_NAME = AppIcon;
				INFOPLIST_FILE = AOPasscode/Info.plist;
				LD_RUNPATH_SEARCH_PATHS = "$(inherited) @executable_path/Frameworks";
				PRODUCT_BUNDLE_IDENTIFIER = ViralIdeasLtd.AOPasscode;
				PRODUCT_NAME = "$(TARGET_NAME)";
			};
			name = Debug;
		};
		A0AB7B871D36A0C700E19B4F /* Release */ = {
			isa = XCBuildConfiguration;
			buildSettings = {
				ASSETCATALOG_COMPILER_APPICON_NAME = AppIcon;
				INFOPLIST_FILE = AOPasscode/Info.plist;
				LD_RUNPATH_SEARCH_PATHS = "$(inherited) @executable_path/Frameworks";
				PRODUCT_BUNDLE_IDENTIFIER = ViralIdeasLtd.AOPasscode;
				PRODUCT_NAME = "$(TARGET_NAME)";
			};
			name = Release;
		};
/* End XCBuildConfiguration section */

/* Begin XCConfigurationList section */
		A0AB7B6E1D36A0C600E19B4F /* Build configuration list for PBXProject "AOPasscode" */ = {
			isa = XCConfigurationList;
			buildConfigurations = (
				A0AB7B831D36A0C700E19B4F /* Debug */,
				A0AB7B841D36A0C700E19B4F /* Release */,
			);
			defaultConfigurationIsVisible = 0;
			defaultConfigurationName = Release;
		};
		A0AB7B851D36A0C700E19B4F /* Build configuration list for PBXNativeTarget "AOPasscode" */ = {
			isa = XCConfigurationList;
			buildConfigurations = (
				A0AB7B861D36A0C700E19B4F /* Debug */,
				A0AB7B871D36A0C700E19B4F /* Release */,
			);
			defaultConfigurationIsVisible = 0;
			defaultConfigurationName = Release;
		};
/* End XCConfigurationList section */
	};
	rootObject = A0AB7B6B1D36A0C600E19B4F /* Project object */;
}
